# ClinicalSuite V2 container and component lock
# Generated: 2026-07-23
# Architecture: linux/amd64
# Builder: apptainer version 1.5.2
# Validation status: PASS (19 checks)
# Fields: image<TAB>component<TAB>version<TAB>source<TAB>sha256<TAB>license
qc	MultiQC-base	1.35	docker://multiqc/multiqc@sha256:a0c146fb9ec0207a88627da3aaa36c10014c5ef8dc841c55a01c0345d8b5cae5	a0c146fb9ec0207a88627da3aaa36c10014c5ef8dc841c55a01c0345d8b5cae5	GPL-3.0-or-later
qc	Perl-runtime	5.40.3	docker://perl@sha256:152d2399b1e9db0d585bf51de8464af4858037b72b74e43111ea12913c16d02d	152d2399b1e9db0d585bf51de8464af4858037b72b74e43111ea12913c16d02d	Artistic-1.0-Perl-or-GPL-1.0-or-later
qc	FastQC	0.12.1	https://www.bioinformatics.babraham.ac.uk/projects/fastqc/fastqc_v0.12.1.zip	5f4dba8780231a25a6b8e11ab2c238601920c9704caa5458d9de559575d58aa7	GPL-3.0-only
qc	fastp	1.3.6	https://opengene.org/fastp/fastp.1.3.6	817df51647ecdacc1642daabe2438c744828ccda2d3634d90395ea91e3a7bc1f	MIT
qc	Temurin-JRE	17.0.19+10	https://github.com/adoptium/temurin17-binaries/releases/tag/jdk-17.0.19%2B10	adb5a2364baa51de1ef91bb9911f5a61d24b045fe1d6647cb8050272a3a8ee75	GPL-2.0-with-classpath-exception
qc	fontconfig	2.15.0-2.3	https://packages.debian.org/trixie/fontconfig	-	MIT
qc	DejaVu-fonts	2.37-8	https://packages.debian.org/trixie/fonts-dejavu-core	-	Bitstream-Vera
alignment	Samtools-base	1.24	docker://quay.io/biocontainers/samtools@sha256:a130447589651ed09252aa95a5e4f4132942cdb54d835d81a04a9a930d656561	a130447589651ed09252aa95a5e4f4132942cdb54d835d81a04a9a930d656561	MIT
alignment	BWA-MEM2-runtime	2.3	docker://quay.io/biocontainers/bwa-mem2@sha256:374f4b910b4b04d32772fccd4cab1cdcd0758356856a960cfa8b1edebfd38c9f	374f4b910b4b04d32772fccd4cab1cdcd0758356856a960cfa8b1edebfd38c9f	MIT
alignment	BWA-MEM2	2.3	https://github.com/bwa-mem2/bwa-mem2/releases/download/v2.3/bwa-mem2-2.3_x64-linux.tar.bz2	112f3a3ebf3f8c2377f52d61446ead392c4a98ecf89e7629617d3ed16f4e73cb	MIT
alignment	Picard	3.4.0	https://github.com/broadinstitute/picard/releases/download/3.4.0/picard.jar	e76128c283889fc583c9dea33a3b7448974c067d102c9e35be152642d4d5f901	MIT
alignment	mosdepth	0.3.14	https://github.com/brentp/mosdepth/releases/download/v0.3.14/mosdepth	c5182b74a8f1b66710efa16e122cbc8a197834874b103e7c5c0bd9a6265ae7b6	MIT
alignment	Temurin-JRE	17.0.19+10	https://github.com/adoptium/temurin17-binaries/releases/tag/jdk-17.0.19%2B10	adb5a2364baa51de1ef91bb9911f5a61d24b045fe1d6647cb8050272a3a8ee75	GPL-2.0-with-classpath-exception
gatk	GATK-base	4.6.2.0	docker://broadinstitute/gatk@sha256:71b17ee42d149e8ec112603f5305c873ab60d93949ef8bb62a4fff85427f56fb	71b17ee42d149e8ec112603f5305c873ab60d93949ef8bb62a4fff85427f56fb	Apache-2.0
gatk	bcftools-HTSlib	1.24	docker://quay.io/biocontainers/bcftools@sha256:08f357e20dcf8ca75c06027f66b181f4fd88019fea7959b69047ad1b12b08a0c	08f357e20dcf8ca75c06027f66b181f4fd88019fea7959b69047ad1b12b08a0c	MIT
octopus	Octopus	0.7.4	docker://quay.io/biocontainers/octopus@sha256:342401712c1cb3f3e63fa01ab931a59bc1801ab75de95f1c2b3fb5b15d643db1	342401712c1cb3f3e63fa01ab931a59bc1801ab75de95f1c2b3fb5b15d643db1	MIT
deepvariant	DeepVariant	1.10.0	docker://google/deepvariant@sha256:962e5a83b1d76aae6990625d47102785f791603f2138aa1fa9aa4fb6a2eecbe6	962e5a83b1d76aae6990625d47102785f791603f2138aa1fa9aa4fb6a2eecbe6	BSD-3-Clause
annotation	Ensembl-VEP	116.0	docker://ensemblorg/ensembl-vep@sha256:50760b654d22cb7764c991b89098226fb5c5ff986105831c002d3efd84391203	50760b654d22cb7764c991b89098226fb5c5ff986105831c002d3efd84391203	Apache-2.0
report	CPython-base	3.12.12	docker://python@sha256:2986c55feb36e6cae00fa1fefb454283e4b33f35e75ff8bdd123b134130be301	2986c55feb36e6cae00fa1fefb454283e4b33f35e75ff8bdd123b134130be301	PSF-2.0
report	Jinja2	3.1.6	https://pypi.org/project/Jinja2/3.1.6/	-	BSD-3-Clause
report	pandas	3.0.3	https://pypi.org/project/pandas/3.0.3/	-	BSD-3-Clause
report	matplotlib	3.11.1	https://pypi.org/project/matplotlib/3.11.1/	-	PSF-2.0
# Definition and runtime-lock SHA-256 values
definition	alignment.def	-	definitions/alignment.def	1eec0ebbdb7786a58abdf8be859215e58bfdb3d51e430e54a9d7f2f7cd7a1437	NOASSERTION
definition	annotation.def	-	definitions/annotation.def	f397948d046636e08f733b790213e2cf51540776b4f5d84ad9ee20575c71fe01	NOASSERTION
definition	deepvariant.def	-	definitions/deepvariant.def	45fe77e2f4b034a3dbe78fb30b694266d0ae4bcc846c427ee76c9ea51401c6dd	NOASSERTION
definition	gatk.def	-	definitions/gatk.def	a102cec60cb134e6cb10478fd930e234ce306f878feda48bdb1819ec4c99bbe6	NOASSERTION
definition	octopus.def	-	definitions/octopus.def	c7edb8c812b7a167af2ce848f39877c4fab57ddf2188a28b742c624c1e43c0b9	NOASSERTION
definition	qc.def	-	definitions/qc.def	7c09389fc7010dbb9de9c7e7f4fcc81fddcca1ea02e900854468d74b6bc1137b	NOASSERTION
definition	report.def	-	definitions/report.def	c5e726cbbd6773d618ec69c46913fd8f35bad14d0e950d8690a5d2c49945a78c	NOASSERTION
definition	report-requirements	-	requirements/report.txt	2fa1804009b294c0fa13e1008f24cb1ca8126c8cf6d3cc5261ff99082e73be7f	NOASSERTION
